// !$*UTF8*$!
{
	archiveVersion = 1;
	classes = {
	};
	objectVersion = 46;
	objects = {

/* Begin PBXBuildFile section */
		7B2DA7701CE097C80091A144 /* main.m in Sources */ = {isa = PBXBuildFile; fileRef = 7B2DA76F1CE097C80091A144 /* main.m */; };
		7B2DA7731CE097C80091A144 /* AppDelegate.m in Sources */ = {isa = PBXBuildFile; fileRef = 7B2DA7721CE097C80091A144 /* AppDelegate.m */; };
		7B2DA7761CE097C80091A144 /* ViewController.m in Sources */ = {isa = PBXBuildFile; fileRef = 7B2DA7751CE097C80091A144 /* ViewController.m */; };
		7B2DA7791CE097C80091A144 /* Main.storyboard in Resources */ = {isa = PBXBuildFile; fileRef = 7B2DA7771CE097C80091A144 /* Main.storyboard */; };
		7B2DA77B1CE097C80091A144 /* Assets.xcassets in Resources */ = {isa = PBXBuildFile; fileRef = 7B2DA77A1CE097C80091A144 /* Assets.xcassets */; };
		7B2DA77E1CE097C80091A144 /* LaunchScreen.storyboard in Resources */ = {isa = PBXBuildFile; fileRef = 7B2DA77C1CE097C80091A144 /* LaunchScreen.storyboard */; };
		7B2DA7891CE097C80091A144 /* web__Tests.m in Sources */ = {isa = PBXBuildFile; fileRef = 7B2DA7881CE097C80091A144 /* web__Tests.m */; };
		7B2DA7941CE097C80091A144 /* web__UITests.m in Sources */ = {isa = PBXBuildFile; fileRef = 7B2DA7931CE097C80091A144 /* web__UITests.m */; };
/* End PBXBuildFile section */

/* Begin PBXContainerItemProxy section */
		7B2DA7851CE097C80091A144 /* PBXContainerItemProxy */ = {
			isa = PBXContainerItemProxy;
			containerPortal = 7B2DA7631CE097C70091A144 /* Project object */;
			proxyType = 1;
			remoteGlobalIDString = 7B2DA76A1CE097C70091A144;
			remoteInfo = "web拦截";
		};
		7B2DA7901CE097C80091A144 /* PBXContainerItemProxy */ = {
			isa = PBXContainerItemProxy;
			containerPortal = 7B2DA7631CE097C70091A144 /* Project object */;
			proxyType = 1;
			remoteGlobalIDString = 7B2DA76A1CE097C70091A144;
			remoteInfo = "web拦截";
		};
/* End PBXContainerItemProxy section */

/* Begin PBXFileReference section */
		7B2DA76B1CE097C70091A144 /* web拦截.app */ = {isa = PBXFileReference; explicitFileType = wrapper.application; includeInIndex = 0; path = "web拦截.app"; sourceTree = BUILT_PRODUCTS_DIR; };
		7B2DA76F1CE097C80091A144 /* main.m */ = {isa = PBXFileReference; lastKnownFileType = sourcecode.c.objc; path = main.m; sourceTree = "<group>"; };
		7B2DA7711CE097C80091A144 /* AppDelegate.h */ = {isa = PBXFileReference; lastKnownFileType = sourcecode.c.h; path = AppDelegate.h; sourceTree = "<group>"; };
		7B2DA7721CE097C80091A144 /* AppDelegate.m */ = {isa = PBXFileReference; lastKnownFileType = sourcecode.c.objc; path = AppDelegate.m; sourceTree = "<group>"; };
		7B2DA7741CE097C80091A144 /* ViewController.h */ = {isa = PBXFileReference; lastKnownFileType = sourcecode.c.h; path = ViewController.h; sourceTree = "<group>"; };
		7B2DA7751CE097C80091A144 /* ViewController.m */ = {isa = PBXFileReference; lastKnownFileType = sourcecode.c.objc; path = ViewController.m; sourceTree = "<group>"; };
		7B2DA7781CE097C80091A144 /* Base */ = {isa = PBXFileReference; lastKnownFileType = file.storyboard; name = Base; path = Base.lproj/Main.storyboard; sourceTree = "<group>"; };
		7B2DA77A1CE097C80091A144 /* Assets.xcassets */ = {isa = PBXFileReference; lastKnownFileType = folder.assetcatalog; path = Assets.xcassets; sourceTree = "<group>"; };
		7B2DA77D1CE097C80091A144 /* Base */ = {isa = PBXFileReference; lastKnownFileType = file.storyboard; name = Base; path = Base.lproj/LaunchScreen.storyboard; sourceTree = "<group>"; };
		7B2DA77F1CE097C80091A144 /* Info.plist */ = {isa = PBXFileReference; lastKnownFileType = text.plist.xml; path = Info.plist; sourceTree = "<group>"; };
		7B2DA7841CE097C80091A144 /* web拦截Tests.xctest */ = {isa = PBXFileReference; explicitFileType = wrapper.cfbundle; includeInIndex = 0; path = "web拦截Tests.xctest"; sourceTree = BUILT_PRODUCTS_DIR; };
		7B2DA7881CE097C80091A144 /* web__Tests.m */ = {isa = PBXFileReference; lastKnownFileType = sourcecode.c.objc; path = web__Tests.m; sourceTree = "<group>"; };
		7B2DA78A1CE097C80091A144 /* Info.plist */ = {isa = PBXFileReference; lastKnownFileType = text.plist.xml; path = Info.plist; sourceTree = "<group>"; };
		7B2DA78F1CE097C80091A144 /* web拦截UITests.xctest */ = {isa = PBXFileReference; explicitFileType = wrapper.cfbundle; includeInIndex = 0; path = "web拦截UITests.xctest"; sourceTree = BUILT_PRODUCTS_DIR; };
		7B2DA7931CE097C80091A144 /* web__UITests.m */ = {isa = PBXFileReference; lastKnownFileType = sourcecode.c.objc; path = web__UITests.m; sourceTree = "<group>"; };
		7B2DA7951CE097C80091A144 /* Info.plist */ = {isa = PBXFileReference; lastKnownFileType = text.plist.xml; path = Info.plist; sourceTree = "<group>"; };
/* End PBXFileReference section */

/* Begin PBXFrameworksBuildPhase section */
		7B2DA7681CE097C70091A144 /* Frameworks */ = {
			isa = PBXFrameworksBuildPhase;
			buildActionMask = 2147483647;
			files = (
			);
			runOnlyForDeploymentPostprocessing = 0;
		};
		7B2DA7811CE097C80091A144 /* Frameworks */ = {
			isa = PBXFrameworksBuildPhase;
			buildActionMask = 2147483647;
			files = (
			);
			runOnlyForDeploymentPostprocessing = 0;
		};
		7B2DA78C1CE097C80091A144 /* Frameworks */ = {
			isa = PBXFrameworksBuildPhase;
			buildActionMask = 2147483647;
			files = (
			);
			runOnlyForDeploymentPostprocessing = 0;
		};
/* End PBXFrameworksBuildPhase section */

/* Begin PBXGroup section */
		7B2DA7621CE097C70091A144 = {
			isa = PBXGroup;
			children = (
				7B2DA76D1CE097C80091A144 /* web拦截 */,
				7B2DA7871CE097C80091A144 /* web拦截Tests */,
				7B2DA7921CE097C80091A144 /* web拦截UITests */,
				7B2DA76C1CE097C70091A144 /* Products */,
			);
			sourceTree = "<group>";
		};
		7B2DA76C1CE097C70091A144 /* Products */ = {
			isa = PBXGroup;
			children = (
				7B2DA76B1CE097C70091A144 /* web拦截.app */,
				7B2DA7841CE097C80091A144 /* web拦截Tests.xctest */,
				7B2DA78F1CE097C80091A144 /* web拦截UITests.xctest */,
			);
			name = Products;
			sourceTree = "<group>";
		};
		7B2DA76D1CE097C80091A144 /* web拦截 */ = {
			isa = PBXGroup;
			children = (
				7B2DA7711CE097C80091A144 /* AppDelegate.h */,
				7B2DA7721CE097C80091A144 /* AppDelegate.m */,
				7B2DA7741CE097C80091A144 /* ViewController.h */,
				7B2DA7751CE097C80091A144 /* ViewController.m */,
				7B2DA7771CE097C80091A144 /* Main.storyboard */,
				7B2DA77A1CE097C80091A144 /* Assets.xcassets */,
				7B2DA77C1CE097C80091A144 /* LaunchScreen.storyboard */,
				7B2DA77F1CE097C80091A144 /* Info.plist */,
				7B2DA76E1CE097C80091A144 /* Supporting Files */,
			);
			path = "web拦截";
			sourceTree = "<group>";
		};
		7B2DA76E1CE097C80091A144 /* Supporting Files */ = {
			isa = PBXGroup;
			children = (
				7B2DA76F1CE097C80091A144 /* main.m */,
			);
			name = "Supporting Files";
			sourceTree = "<group>";
		};
		7B2DA7871CE097C80091A144 /* web拦截Tests */ = {
			isa = PBXGroup;
			children = (
				7B2DA7881CE097C80091A144 /* web__Tests.m */,
				7B2DA78A1CE097C80091A144 /* Info.plist */,
			);
			path = "web拦截Tests";
			sourceTree = "<group>";
		};
		7B2DA7921CE097C80091A144 /* web拦截UITests */ = {
			isa = PBXGroup;
			children = (
				7B2DA7931CE097C80091A144 /* web__UITests.m */,
				7B2DA7951CE097C80091A144 /* Info.plist */,
			);
			path = "web拦截UITests";
			sourceTree = "<group>";
		};
/* End PBXGroup section */

/* Begin PBXNativeTarget section */
		7B2DA76A1CE097C70091A144 /* web拦截 */ = {
			isa = PBXNativeTarget;
			buildConfigurationList = 7B2DA7981CE097C80091A144 /* Build configuration list for PBXNativeTarget "web拦截" */;
			buildPhases = (
				7B2DA7671CE097C70091A144 /* Sources */,
				7B2DA7681CE097C70091A144 /* Frameworks */,
				7B2DA7691CE097C70091A144 /* Resources */,
			);
			buildRules = (
			);
			dependencies = (
			);
			name = "web拦截";
			productName = "web拦截";
			productReference = 7B2DA76B1CE097C70091A144 /* web拦截.app */;
			productType = "com.apple.product-type.application";
		};
		7B2DA7831CE097C80091A144 /* web拦截Tests */ = {
			isa = PBXNativeTarget;
			buildConfigurationList = 7B2DA79B1CE097C80091A144 /* Build configuration list for PBXNativeTarget "web拦截Tests" */;
			buildPhases = (
				7B2DA7801CE097C80091A144 /* Sources */,
				7B2DA7811CE097C80091A144 /* Frameworks */,
				7B2DA7821CE097C80091A144 /* Resources */,
			);
			buildRules = (
			);
			dependencies = (
				7B2DA7861CE097C80091A144 /* PBXTargetDependency */,
			);
			name = "web拦截Tests";
			productName = "web拦截Tests";
			productReference = 7B2DA7841CE097C80091A144 /* web拦截Tests.xctest */;
			productType = "com.apple.product-type.bundle.unit-test";
		};
		7B2DA78E1CE097C80091A144 /* web拦截UITests */ = {
			isa = PBXNativeTarget;
			buildConfigurationList = 7B2DA79E1CE097C80091A144 /* Build configuration list for PBXNativeTarget "web拦截UITests" */;
			buildPhases = (
				7B2DA78B1CE097C80091A144 /* Sources */,
				7B2DA78C1CE097C80091A144 /* Frameworks */,
				7B2DA78D1CE097C80091A144 /* Resources */,
			);
			buildRules = (
			);
			dependencies = (
				7B2DA7911CE097C80091A144 /* PBXTargetDependency */,
			);
			name = "web拦截UITests";
			productName = "web拦截UITests";
			productReference = 7B2DA78F1CE097C80091A144 /* web拦截UITests.xctest */;
			productType = "com.apple.product-type.bundle.ui-testing";
		};
/* End PBXNativeTarget section */

/* Begin PBXProject section */
		7B2DA7631CE097C70091A144 /* Project object */ = {
			isa = PBXProject;
			attributes = {
				LastUpgradeCheck = 0730;
				ORGANIZATIONNAME = "申帅";
				TargetAttributes = {
					7B2DA76A1CE097C70091A144 = {
						CreatedOnToolsVersion = 7.3;
					};
					7B2DA7831CE097C80091A144 = {
						CreatedOnToolsVersion = 7.3;
						TestTargetID = 7B2DA76A1CE097C70091A144;
					};
					7B2DA78E1CE097C80091A144 = {
						CreatedOnToolsVersion = 7.3;
						TestTargetID = 7B2DA76A1CE097C70091A144;
					};
				};
			};
			buildConfigurationList = 7B2DA7661CE097C70091A144 /* Build configuration list for PBXProject "web拦截" */;
			compatibilityVersion = "Xcode 3.2";
			developmentRegion = English;
			hasScannedForEncodings = 0;
			knownRegions = (
				en,
				Base,
			);
			mainGroup = 7B2DA7621CE097C70091A144;
			productRefGroup = 7B2DA76C1CE097C70091A144 /* Products */;
			projectDirPath = "";
			projectRoot = "";
			targets = (
				7B2DA76A1CE097C70091A144 /* web拦截 */,
				7B2DA7831CE097C80091A144 /* web拦截Tests */,
				7B2DA78E1CE097C80091A144 /* web拦截UITests */,
			);
		};
/* End PBXProject section */

/* Begin PBXResourcesBuildPhase section */
		7B2DA7691CE097C70091A144 /* Resources */ = {
			isa = PBXResourcesBuildPhase;
			buildActionMask = 2147483647;
			files = (
				7B2DA77E1CE097C80091A144 /* LaunchScreen.storyboard in Resources */,
				7B2DA77B1CE097C80091A144 /* Assets.xcassets in Resources */,
				7B2DA7791CE097C80091A144 /* Main.storyboard in Resources */,
			);
			runOnlyForDeploymentPostprocessing = 0;
		};
		7B2DA7821CE097C80091A144 /* Resources */ = {
			isa = PBXResourcesBuildPhase;
			buildActionMask = 2147483647;
			files = (
			);
			runOnlyForDeploymentPostprocessing = 0;
		};
		7B2DA78D1CE097C80091A144 /* Resources */ = {
			isa = PBXResourcesBuildPhase;
			buildActionMask = 2147483647;
			files = (
			);
			runOnlyForDeploymentPostprocessing = 0;
		};
/* End PBXResourcesBuildPhase section */

/* Begin PBXSourcesBuildPhase section */
		7B2DA7671CE097C70091A144 /* Sources */ = {
			isa = PBXSourcesBuildPhase;
			buildActionMask = 2147483647;
			files = (
				7B2DA7761CE097C80091A144 /* ViewController.m in Sources */,
				7B2DA7731CE097C80091A144 /* AppDelegate.m in Sources */,
				7B2DA7701CE097C80091A144 /* main.m in Sources */,
			);
			runOnlyForDeploymentPostprocessing = 0;
		};
		7B2DA7801CE097C80091A144 /* Sources */ = {
			isa = PBXSourcesBuildPhase;
			buildActionMask = 2147483647;
			files = (
				7B2DA7891CE097C80091A144 /* web__Tests.m in Sources */,
			);
			runOnlyForDeploymentPostprocessing = 0;
		};
		7B2DA78B1CE097C80091A144 /* Sources */ = {
			isa = PBXSourcesBuildPhase;
			buildActionMask = 2147483647;
			files = (
				7B2DA7941CE097C80091A144 /* web__UITests.m in Sources */,
			);
			runOnlyForDeploymentPostprocessing = 0;
		};
/* End PBXSourcesBuildPhase section */

/* Begin PBXTargetDependency section */
		7B2DA7861CE097C80091A144 /* PBXTargetDependency */ = {
			isa = PBXTargetDependency;
			target = 7B2DA76A1CE097C70091A144 /* web拦截 */;
			targetProxy = 7B2DA7851CE097C80091A144 /* PBXContainerItemProxy */;
		};
		7B2DA7911CE097C80091A144 /* PBXTargetDependency */ = {
			isa = PBXTargetDependency;
			target = 7B2DA76A1CE097C70091A144 /* web拦截 */;
			targetProxy = 7B2DA7901CE097C80091A144 /* PBXContainerItemProxy */;
		};
/* End PBXTargetDependency section */

/* Begin PBXVariantGroup section */
		7B2DA7771CE097C80091A144 /* Main.storyboard */ = {
			isa = PBXVariantGroup;
			children = (
				7B2DA7781CE097C80091A144 /* Base */,
			);
			name = Main.storyboard;
			sourceTree = "<group>";
		};
		7B2DA77C1CE097C80091A144 /* LaunchScreen.storyboard */ = {
			isa = PBXVariantGroup;
			children = (
				7B2DA77D1CE097C80091A144 /* Base */,
			);
			name = LaunchScreen.storyboard;
			sourceTree = "<group>";
		};
/* End PBXVariantGroup section */

/* Begin XCBuildConfiguration section */
		7B2DA7961CE097C80091A144 /* Debug */ = {
			isa = XCBuildConfiguration;
			buildSettings = {
				ALWAYS_SEARCH_USER_PATHS = NO;
				CLANG_ANALYZER_NONNULL = YES;
				CLANG_CXX_LANGUAGE_STANDARD = "gnu++0x";
				CLANG_CXX_LIBRARY = "libc++";
				CLANG_ENABLE_MODULES = YES;
				CLANG_ENABLE_OBJC_ARC = YES;
				CLANG_WARN_BOOL_CONVERSION = YES;
				CLANG_WARN_CONSTANT_CONVERSION = YES;
				CLANG_WARN_DIRECT_OBJC_ISA_USAGE = YES_ERROR;
				CLANG_WARN_EMPTY_BODY = YES;
				CLANG_WARN_ENUM_CONVERSION = YES;
				CLANG_WARN_INT_CONVERSION = YES;
				CLANG_WARN_OBJC_ROOT_CLASS = YES_ERROR;
				CLANG_WARN_UNREACHABLE_CODE = YES;
				CLANG_WARN__DUPLICATE_METHOD_MATCH = YES;
				"CODE_SIGN_IDENTITY[sdk=iphoneos*]" = "iPhone Developer";
				COPY_PHASE_STRIP = NO;
				DEBUG_INFORMATION_FORMAT = dwarf;
				ENABLE_STRICT_OBJC_MSGSEND = YES;
				ENABLE_TESTABILITY = YES;
				GCC_C_LANGUAGE_STANDARD = gnu99;
				GCC_DYNAMIC_NO_PIC = NO;
				GCC_NO_COMMON_BLOCKS = YES;
				GCC_OPTIMIZATION_LEVEL = 0;
				GCC_PREPROCESSOR_DEFINITIONS = (
					"DEBUG=1",
					"$(inherited)",
				);
				GCC_WARN_64_TO_32_BIT_CONVERSION = YES;
				GCC_WARN_ABOUT_RETURN_TYPE = YES_ERROR;
				GCC_WARN_UNDECLARED_SELECTOR = YES;
				GCC_WARN_UNINITIALIZED_AUTOS = YES_AGGRESSIVE;
				GCC_WARN_UNUSED_FUNCTION = YES;
				GCC_WARN_UNUSED_VARIABLE = YES;
				IPHONEOS_DEPLOYMENT_TARGET = 9.3;
				MTL_ENABLE_DEBUG_INFO = YES;
				ONLY_ACTIVE_ARCH = YES;
				SDKROOT = iphoneos;
				TARGETED_DEVICE_FAMILY = "1,2";
			};
			name = Debug;
		};
		7B2DA7971CE097C80091A144 /* Release */ = {
			isa = XCBuildConfiguration;
			buildSettings = {
				ALWAYS_SEARCH_USER_PATHS = NO;
				CLANG_ANALYZER_NONNULL = YES;
				CLANG_CXX_LANGUAGE_STANDARD = "gnu++0x";
				CLANG_CXX_LIBRARY = "libc++";
				CLANG_ENABLE_MODULES = YES;
				CLANG_ENABLE_OBJC_ARC = YES;
				CLANG_WARN_BOOL_CONVERSION = YES;
				CLANG_WARN_CONSTANT_CONVERSION = YES;
				CLANG_WARN_DIRECT_OBJC_ISA_USAGE = YES_ERROR;
				CLANG_WARN_EMPTY_BODY = YES;
				CLANG_WARN_ENUM_CONVERSION = YES;
				CLANG_WARN_INT_CONVERSION = YES;
				CLANG_WARN_OBJC_ROOT_CLASS = YES_ERROR;
				CLANG_WARN_UNREACHABLE_CODE = YES;
				CLANG_WARN__DUPLICATE_METHOD_MATCH = YES;
				"CODE_SIGN_IDENTITY[sdk=iphoneos*]" = "iPhone Developer";
				COPY_PHASE_STRIP = NO;
				DEBUG_INFORMATION_FORMAT = "dwarf-with-dsym";
				ENABLE_NS_ASSERTIONS = NO;
				ENABLE_STRICT_OBJC_MSGSEND = YES;
				GCC_C_LANGUAGE_STANDARD = gnu99;
				GCC_NO_COMMON_BLOCKS = YES;
				GCC_WARN_64_TO_32_BIT_CONVERSION = YES;
				GCC_WARN_ABOUT_RETURN_TYPE = YES_ERROR;
				GCC_WARN_UNDECLARED_SELECTOR = YES;
				GCC_WARN_UNINITIALIZED_AUTOS = YES_AGGRESSIVE;
				GCC_WARN_UNUSED_FUNCTION = YES;
				GCC_WARN_UNUSED_VARIABLE = YES;
				IPHONEOS_DEPLOYMENT_TARGET = 9.3;
				MTL_ENABLE_DEBUG_INFO = NO;
				SDKROOT = iphoneos;
				TARGETED_DEVICE_FAMILY = "1,2";
				VALIDATE_PRODUCT = YES;
			};
			name = Release;
		};
		7B2DA7991CE097C80091A144 /* Debug */ = {
			isa = XCBuildConfiguration;
			buildSettings = {
				ASSETCATALOG_COMPILER_APPICON_NAME = AppIcon;
				INFOPLIST_FILE = "web拦截/Info.plist";
				LD_RUNPATH_SEARCH_PATHS = "$(inherited) @executable_path/Frameworks";
				PRODUCT_BUNDLE_IDENTIFIER = "com.shuai.shen.web--";
				PRODUCT_NAME = "$(TARGET_NAME)";
			};
			name = Debug;
		};
		7B2DA79A1CE097C80091A144 /* Release */ = {
			isa = XCBuildConfiguration;
			buildSettings = {
				ASSETCATALOG_COMPILER_APPICON_NAME = AppIcon;
				INFOPLIST_FILE = "web拦截/Info.plist";
				LD_RUNPATH_SEARCH_PATHS = "$(inherited) @executable_path/Frameworks";
				PRODUCT_BUNDLE_IDENTIFIER = "com.shuai.shen.web--";
				PRODUCT_NAME = "$(TARGET_NAME)";
			};
			name = Release;
		};
		7B2DA79C1CE097C80091A144 /* Debug */ = {
			isa = XCBuildConfiguration;
			buildSettings = {
				BUNDLE_LOADER = "$(TEST_HOST)";
				INFOPLIST_FILE = "web拦截Tests/Info.plist";
				LD_RUNPATH_SEARCH_PATHS = "$(inherited) @executable_path/Frameworks @loader_path/Frameworks";
				PRODUCT_BUNDLE_IDENTIFIER = "com.shuai.shen.web--Tests";
				PRODUCT_NAME = "$(TARGET_NAME)";
				TEST_HOST = "$(BUILT_PRODUCTS_DIR)/web拦截.app/web拦截";
			};
			name = Debug;
		};
		7B2DA79D1CE097C80091A144 /* Release */ = {
			isa = XCBuildConfiguration;
			buildSettings = {
				BUNDLE_LOADER = "$(TEST_HOST)";
				INFOPLIST_FILE = "web拦截Tests/Info.plist";
				LD_RUNPATH_SEARCH_PATHS = "$(inherited) @executable_path/Frameworks @loader_path/Frameworks";
				PRODUCT_BUNDLE_IDENTIFIER = "com.shuai.shen.web--Tests";
				PRODUCT_NAME = "$(TARGET_NAME)";
				TEST_HOST = "$(BUILT_PRODUCTS_DIR)/web拦截.app/web拦截";
			};
			name = Release;
		};
		7B2DA79F1CE097C80091A144 /* Debug */ = {
			isa = XCBuildConfiguration;
			buildSettings = {
				INFOPLIST_FILE = "web拦截UITests/Info.plist";
				LD_RUNPATH_SEARCH_PATHS = "$(inherited) @executable_path/Frameworks @loader_path/Frameworks";
				PRODUCT_BUNDLE_IDENTIFIER = "com.shuai.shen.web--UITests";
				PRODUCT_NAME = "$(TARGET_NAME)";
				TEST_TARGET_NAME = "web拦截";
			};
			name = Debug;
		};
		7B2DA7A01CE097C80091A144 /* Release */ = {
			isa = XCBuildConfiguration;
			buildSettings = {
				INFOPLIST_FILE = "web拦截UITests/Info.plist";
				LD_RUNPATH_SEARCH_PATHS = "$(inherited) @executable_path/Frameworks @loader_path/Frameworks";
				PRODUCT_BUNDLE_IDENTIFIER = "com.shuai.shen.web--UITests";
				PRODUCT_NAME = "$(TARGET_NAME)";
				TEST_TARGET_NAME = "web拦截";
			};
			name = Release;
		};
/* End XCBuildConfiguration section */

/* Begin XCConfigurationList section */
		7B2DA7661CE097C70091A144 /* Build configuration list for PBXProject "web拦截" */ = {
			isa = XCConfigurationList;
			buildConfigurations = (
				7B2DA7961CE097C80091A144 /* Debug */,
				7B2DA7971CE097C80091A144 /* Release */,
			);
			defaultConfigurationIsVisible = 0;
			defaultConfigurationName = Release;
		};
		7B2DA7981CE097C80091A144 /* Build configuration list for PBXNativeTarget "web拦截" */ = {
			isa = XCConfigurationList;
			buildConfigurations = (
				7B2DA7991CE097C80091A144 /* Debug */,
				7B2DA79A1CE097C80091A144 /* Release */,
			);
			defaultConfigurationIsVisible = 0;
		};
		7B2DA79B1CE097C80091A144 /* Build configuration list for PBXNativeTarget "web拦截Tests" */ = {
			isa = XCConfigurationList;
			buildConfigurations = (
				7B2DA79C1CE097C80091A144 /* Debug */,
				7B2DA79D1CE097C80091A144 /* Release */,
			);
			defaultConfigurationIsVisible = 0;
		};
		7B2DA79E1CE097C80091A144 /* Build configuration list for PBXNativeTarget "web拦截UITests" */ = {
			isa = XCConfigurationList;
			buildConfigurations = (
				7B2DA79F1CE097C80091A144 /* Debug */,
				7B2DA7A01CE097C80091A144 /* Release */,
			);
			defaultConfigurationIsVisible = 0;
		};
/* End XCConfigurationList section */
	};
	rootObject = 7B2DA7631CE097C70091A144 /* Project object */;
}
